// !$*UTF8*$!
{
	archiveVersion = 1;
	classes = {
	};
	objectVersion = 46;
	objects = {

/* Begin PBXBuildFile section */
		3771682B1C8BA448004B4843 /* SurveyViewController.m in Sources */ = {isa = PBXBuildFile; fileRef = 3771682A1C8BA448004B4843 /* SurveyViewController.m */; };
		3771682E1C8BA460004B4843 /* MapViewController.m in Sources */ = {isa = PBXBuildFile; fileRef = 3771682D1C8BA460004B4843 /* MapViewController.m */; };
		A9694C3E1C8CA55900961FCD /* RankingViewController.m in Sources */ = {isa = PBXBuildFile; fileRef = A9694C3D1C8CA55900961FCD /* RankingViewController.m */; };
		A9694C411C8CA57A00961FCD /* AboutViewController.m in Sources */ = {isa = PBXBuildFile; fileRef = A9694C401C8CA57A00961FCD /* AboutViewController.m */; };
		A9694C471C8CC4B500961FCD /* TrailViewController.m in Sources */ = {isa = PBXBuildFile; fileRef = A9694C461C8CC4B500961FCD /* TrailViewController.m */; };
		A9694C4A1C8CD0D700961FCD /* DLRadioButton.m in Sources */ = {isa = PBXBuildFile; fileRef = A9694C491C8CD0D700961FCD /* DLRadioButton.m */; };
		A9694CFB1C8CE3D100961FCD /* GTMGatherInputStream.m in Sources */ = {isa = PBXBuildFile; fileRef = A9694CCF1C8CE3D100961FCD /* GTMGatherInputStream.m */; settings = {COMPILER_FLAGS = "-fno-objc-arc"; }; };
		A9694CFC1C8CE3D200961FCD /* GTMHTTPFetcher.m in Sources */ = {isa = PBXBuildFile; fileRef = A9694CD11C8CE3D100961FCD /* GTMHTTPFetcher.m */; settings = {COMPILER_FLAGS = "-fno-objc-arc"; }; };
		A9694CFD1C8CE3D200961FCD /* GTMHTTPFetcherLogging.m in Sources */ = {isa = PBXBuildFile; fileRef = A9694CD31C8CE3D100961FCD /* GTMHTTPFetcherLogging.m */; settings = {COMPILER_FLAGS = "-fno-objc-arc"; }; };
		A9694CFE1C8CE3D200961FCD /* GTMHTTPFetcherService.m in Sources */ = {isa = PBXBuildFile; fileRef = A9694CD51C8CE3D100961FCD /* GTMHTTPFetcherService.m */; settings = {COMPILER_FLAGS = "-fno-objc-arc"; }; };
		A9694CFF1C8CE3D200961FCD /* GTMHTTPFetchHistory.m in Sources */ = {isa = PBXBuildFile; fileRef = A9694CD71C8CE3D100961FCD /* GTMHTTPFetchHistory.m */; settings = {COMPILER_FLAGS = "-fno-objc-arc"; }; };
		A9694D001C8CE3D200961FCD /* GTMHTTPUploadFetcher.m in Sources */ = {isa = PBXBuildFile; fileRef = A9694CD91C8CE3D100961FCD /* GTMHTTPUploadFetcher.m */; settings = {COMPILER_FLAGS = "-fno-objc-arc"; }; };
		A9694D011C8CE3D200961FCD /* GTMMIMEDocument.m in Sources */ = {isa = PBXBuildFile; fileRef = A9694CDB1C8CE3D100961FCD /* GTMMIMEDocument.m */; settings = {COMPILER_FLAGS = "-fno-objc-arc"; }; };
		A9694D021C8CE3D200961FCD /* GTMReadMonitorInputStream.m in Sources */ = {isa = PBXBuildFile; fileRef = A9694CDD1C8CE3D100961FCD /* GTMReadMonitorInputStream.m */; settings = {COMPILER_FLAGS = "-fno-objc-arc"; }; };
		A9694D031C8CE3D200961FCD /* GTLBatchQuery.m in Sources */ = {isa = PBXBuildFile; fileRef = A9694CE01C8CE3D100961FCD /* GTLBatchQuery.m */; settings = {COMPILER_FLAGS = "-fno-objc-arc"; }; };
		A9694D041C8CE3D200961FCD /* GTLBatchResult.m in Sources */ = {isa = PBXBuildFile; fileRef = A9694CE21C8CE3D100961FCD /* GTLBatchResult.m */; settings = {COMPILER_FLAGS = "-fno-objc-arc"; }; };
		A9694D051C8CE3D200961FCD /* GTLDateTime.m in Sources */ = {isa = PBXBuildFile; fileRef = A9694CE41C8CE3D100961FCD /* GTLDateTime.m */; settings = {COMPILER_FLAGS = "-fno-objc-arc"; }; };
		A9694D061C8CE3D200961FCD /* GTLErrorObject.m in Sources */ = {isa = PBXBuildFile; fileRef = A9694CE61C8CE3D100961FCD /* GTLErrorObject.m */; settings = {COMPILER_FLAGS = "-fno-objc-arc"; }; };
		A9694D071C8CE3D200961FCD /* GTLObject.m in Sources */ = {isa = PBXBuildFile; fileRef = A9694CE81C8CE3D100961FCD /* GTLObject.m */; settings = {COMPILER_FLAGS = "-fno-objc-arc"; }; };
		A9694D081C8CE3D200961FCD /* GTLQuery.m in Sources */ = {isa = PBXBuildFile; fileRef = A9694CEA1C8CE3D100961FCD /* GTLQuery.m */; settings = {COMPILER_FLAGS = "-fno-objc-arc"; }; };
		A9694D091C8CE3D200961FCD /* GTLRuntimeCommon.m in Sources */ = {isa = PBXBuildFile; fileRef = A9694CEC1C8CE3D100961FCD /* GTLRuntimeCommon.m */; settings = {COMPILER_FLAGS = "-fno-objc-arc"; }; };
		A9694D0A1C8CE3D200961FCD /* GTLService.m in Sources */ = {isa = PBXBuildFile; fileRef = A9694CEE1C8CE3D100961FCD /* GTLService.m */; settings = {COMPILER_FLAGS = "-fno-objc-arc"; }; };
		A9694D0B1C8CE3D200961FCD /* GTLUploadParameters.m in Sources */ = {isa = PBXBuildFile; fileRef = A9694CF01C8CE3D100961FCD /* GTLUploadParameters.m */; settings = {COMPILER_FLAGS = "-fno-objc-arc"; }; };
		A9694D0C1C8CE3D200961FCD /* GTLBase64.m in Sources */ = {isa = PBXBuildFile; fileRef = A9694CF31C8CE3D100961FCD /* GTLBase64.m */; settings = {COMPILER_FLAGS = "-fno-objc-arc"; }; };
		A9694D0D1C8CE3D200961FCD /* GTLFramework.m in Sources */ = {isa = PBXBuildFile; fileRef = A9694CF51C8CE3D100961FCD /* GTLFramework.m */; settings = {COMPILER_FLAGS = "-fno-objc-arc"; }; };
		A9694D0E1C8CE3D200961FCD /* GTLJSONParser.m in Sources */ = {isa = PBXBuildFile; fileRef = A9694CF71C8CE3D100961FCD /* GTLJSONParser.m */; settings = {COMPILER_FLAGS = "-fno-objc-arc"; }; };
		A9694D0F1C8CE3D200961FCD /* GTLUtilities.m in Sources */ = {isa = PBXBuildFile; fileRef = A9694CFA1C8CE3D100961FCD /* GTLUtilities.m */; settings = {COMPILER_FLAGS = "-fno-objc-arc"; }; };
		A9E188981C8B9D3A000D9668 /* main.m in Sources */ = {isa = PBXBuildFile; fileRef = A9E188971C8B9D3A000D9668 /* main.m */; };
		A9E1889B1C8B9D3A000D9668 /* AppDelegate.m in Sources */ = {isa = PBXBuildFile; fileRef = A9E1889A1C8B9D3A000D9668 /* AppDelegate.m */; };
		A9E188A11C8B9D3A000D9668 /* Main.storyboard in Resources */ = {isa = PBXBuildFile; fileRef = A9E1889F1C8B9D3A000D9668 /* Main.storyboard */; };
		A9E188A31C8B9D3A000D9668 /* Assets.xcassets in Resources */ = {isa = PBXBuildFile; fileRef = A9E188A21C8B9D3A000D9668 /* Assets.xcassets */; };
		A9E188A61C8B9D3A000D9668 /* LaunchScreen.storyboard in Resources */ = {isa = PBXBuildFile; fileRef = A9E188A41C8B9D3A000D9668 /* LaunchScreen.storyboard */; };
		A9E8537B1C93E46100F1A095 /* HCSStarRatingView.m in Sources */ = {isa = PBXBuildFile; fileRef = A9E853791C93E46100F1A095 /* HCSStarRatingView.m */; };
		A9E853A91C94993400F1A095 /* GTLDashboardAPIAreaWrapper.m in Sources */ = {isa = PBXBuildFile; fileRef = A9E853811C94993400F1A095 /* GTLDashboardAPIAreaWrapper.m */; };
		A9E853AA1C94993400F1A095 /* GTLDashboardAPIConstants.m in Sources */ = {isa = PBXBuildFile; fileRef = A9E853831C94993400F1A095 /* GTLDashboardAPIConstants.m */; };
		A9E853AB1C94993400F1A095 /* GTLDashboardAPICursorParameter.m in Sources */ = {isa = PBXBuildFile; fileRef = A9E853851C94993400F1A095 /* GTLDashboardAPICursorParameter.m */; };
		A9E853AC1C94993400F1A095 /* GTLDashboardAPIDate.m in Sources */ = {isa = PBXBuildFile; fileRef = A9E853871C94993400F1A095 /* GTLDashboardAPIDate.m */; };
		A9E853AD1C94993400F1A095 /* GTLDashboardAPIGPSLocation.m in Sources */ = {isa = PBXBuildFile; fileRef = A9E853891C94993400F1A095 /* GTLDashboardAPIGPSLocation.m */; };
		A9E853AE1C94993400F1A095 /* GTLDashboardAPIQuestionnaireWrapper.m in Sources */ = {isa = PBXBuildFile; fileRef = A9E8538B1C94993400F1A095 /* GTLDashboardAPIQuestionnaireWrapper.m */; };
		A9E853AF1C94993400F1A095 /* GTLDashboardAPIRouteStatsParameter.m in Sources */ = {isa = PBXBuildFile; fileRef = A9E8538D1C94993400F1A095 /* GTLDashboardAPIRouteStatsParameter.m */; };
		A9E853B01C94993400F1A095 /* GTLDashboardAPIRouteStatsResponse.m in Sources */ = {isa = PBXBuildFile; fileRef = A9E8538F1C94993400F1A095 /* GTLDashboardAPIRouteStatsResponse.m */; };
		A9E853B11C94993400F1A095 /* GTLDashboardAPIRouteStatsWrapper.m in Sources */ = {isa = PBXBuildFile; fileRef = A9E853911C94993400F1A095 /* GTLDashboardAPIRouteStatsWrapper.m */; };
		A9E853B21C94993400F1A095 /* GTLDashboardAPISearchByKeywordParameter.m in Sources */ = {isa = PBXBuildFile; fileRef = A9E853931C94993400F1A095 /* GTLDashboardAPISearchByKeywordParameter.m */; };
		A9E853B31C94993400F1A095 /* GTLDashboardAPITime.m in Sources */ = {isa = PBXBuildFile; fileRef = A9E853951C94993400F1A095 /* GTLDashboardAPITime.m */; };
		A9E853B41C94993400F1A095 /* GTLDashboardAPITimeStamp.m in Sources */ = {isa = PBXBuildFile; fileRef = A9E853971C94993400F1A095 /* GTLDashboardAPITimeStamp.m */; };
		A9E853B51C94993400F1A095 /* GTLDashboardAPITrailDetails.m in Sources */ = {isa = PBXBuildFile; fileRef = A9E853991C94993400F1A095 /* GTLDashboardAPITrailDetails.m */; };
		A9E853B61C94993400F1A095 /* GTLDashboardAPITrailDetailsCollection.m in Sources */ = {isa = PBXBuildFile; fileRef = A9E8539B1C94993400F1A095 /* GTLDashboardAPITrailDetailsCollection.m */; };
		A9E853B71C94993400F1A095 /* GTLDashboardAPITrailListResponse.m in Sources */ = {isa = PBXBuildFile; fileRef = A9E8539D1C94993400F1A095 /* GTLDashboardAPITrailListResponse.m */; };
		A9E853B81C94993400F1A095 /* GTLDashboardAPITrailPointsRequestParameter.m in Sources */ = {isa = PBXBuildFile; fileRef = A9E8539F1C94993400F1A095 /* GTLDashboardAPITrailPointsRequestParameter.m */; };
		A9E853B91C94993400F1A095 /* GTLDashboardAPITrailPointsResult.m in Sources */ = {isa = PBXBuildFile; fileRef = A9E853A11C94993400F1A095 /* GTLDashboardAPITrailPointsResult.m */; };
		A9E853BA1C94993400F1A095 /* GTLDashboardAPITrailPointWrapper.m in Sources */ = {isa = PBXBuildFile; fileRef = A9E853A31C94993400F1A095 /* GTLDashboardAPITrailPointWrapper.m */; };
		A9E853BB1C94993400F1A095 /* GTLQueryDashboardAPI.m in Sources */ = {isa = PBXBuildFile; fileRef = A9E853A51C94993400F1A095 /* GTLQueryDashboardAPI.m */; };
		A9E853BC1C94993400F1A095 /* GTLServiceDashboardAPI.m in Sources */ = {isa = PBXBuildFile; fileRef = A9E853A71C94993400F1A095 /* GTLServiceDashboardAPI.m */; };
		A9E853C11C94A78200F1A095 /* ProgressHUD.bundle in Resources */ = {isa = PBXBuildFile; fileRef = A9E853BE1C94A78100F1A095 /* ProgressHUD.bundle */; };
		A9E853C21C94A78200F1A095 /* ProgressHUD.m in Sources */ = {isa = PBXBuildFile; fileRef = A9E853C01C94A78200F1A095 /* ProgressHUD.m */; };
		A9ED1A3C1C8BA971007636CA /* MASCompositeConstraint.m in Sources */ = {isa = PBXBuildFile; fileRef = A9ED1A261C8BA971007636CA /* MASCompositeConstraint.m */; };
		A9ED1A3D1C8BA971007636CA /* MASConstraint.m in Sources */ = {isa = PBXBuildFile; fileRef = A9ED1A291C8BA971007636CA /* MASConstraint.m */; };
		A9ED1A3E1C8BA971007636CA /* MASConstraintMaker.m in Sources */ = {isa = PBXBuildFile; fileRef = A9ED1A2B1C8BA971007636CA /* MASConstraintMaker.m */; };
		A9ED1A3F1C8BA971007636CA /* MASLayoutConstraint.m in Sources */ = {isa = PBXBuildFile; fileRef = A9ED1A2D1C8BA971007636CA /* MASLayoutConstraint.m */; };
		A9ED1A401C8BA971007636CA /* MASViewAttribute.m in Sources */ = {isa = PBXBuildFile; fileRef = A9ED1A311C8BA971007636CA /* MASViewAttribute.m */; };
		A9ED1A411C8BA971007636CA /* MASViewConstraint.m in Sources */ = {isa = PBXBuildFile; fileRef = A9ED1A331C8BA971007636CA /* MASViewConstraint.m */; };
		A9ED1A421C8BA971007636CA /* NSArray+MASAdditions.m in Sources */ = {isa = PBXBuildFile; fileRef = A9ED1A351C8BA971007636CA /* NSArray+MASAdditions.m */; };
		A9ED1A431C8BA971007636CA /* NSLayoutConstraint+MASDebugAdditions.m in Sources */ = {isa = PBXBuildFile; fileRef = A9ED1A381C8BA971007636CA /* NSLayoutConstraint+MASDebugAdditions.m */; };
		A9ED1A441C8BA971007636CA /* View+MASAdditions.m in Sources */ = {isa = PBXBuildFile; fileRef = A9ED1A3A1C8BA971007636CA /* View+MASAdditions.m */; };
		A9ED1A481C8BAC04007636CA /* HUColor.m in Sources */ = {isa = PBXBuildFile; fileRef = A9ED1A471C8BAC04007636CA /* HUColor.m */; };
		A9ED1A521C8BBD6D007636CA /* SWFrontViewController.m in Sources */ = {isa = PBXBuildFile; fileRef = A9ED1A4B1C8BBD6C007636CA /* SWFrontViewController.m */; };
		A9ED1A531C8BBD6D007636CA /* SWMenuViewController.m in Sources */ = {isa = PBXBuildFile; fileRef = A9ED1A4D1C8BBD6C007636CA /* SWMenuViewController.m */; };
		A9ED1A541C8BBD6D007636CA /* SWRevealViewController.m in Sources */ = {isa = PBXBuildFile; fileRef = A9ED1A4F1C8BBD6C007636CA /* SWRevealViewController.m */; };
		A9ED1A591C8BBF3C007636CA /* MenuViewController.m in Sources */ = {isa = PBXBuildFile; fileRef = A9ED1A581C8BBF3C007636CA /* MenuViewController.m */; };
/* End PBXBuildFile section */

/* Begin PBXFileReference section */
		377168291C8BA448004B4843 /* SurveyViewController.h */ = {isa = PBXFileReference; fileEncoding = 4; lastKnownFileType = sourcecode.c.h; path = SurveyViewController.h; sourceTree = "<group>"; };
		3771682A1C8BA448004B4843 /* SurveyViewController.m */ = {isa = PBXFileReference; fileEncoding = 4; lastKnownFileType = sourcecode.c.objc; path = SurveyViewController.m; sourceTree = "<group>"; };
		3771682C1C8BA460004B4843 /* MapViewController.h */ = {isa = PBXFileReference; fileEncoding = 4; lastKnownFileType = sourcecode.c.h; path = MapViewController.h; sourceTree = "<group>"; };
		3771682D1C8BA460004B4843 /* MapViewController.m */ = {isa = PBXFileReference; fileEncoding = 4; lastKnownFileType = sourcecode.c.objc; path = MapViewController.m; sourceTree = "<group>"; };
		A9694C3C1C8CA55900961FCD /* RankingViewController.h */ = {isa = PBXFileReference; fileEncoding = 4; lastKnownFileType = sourcecode.c.h; path = RankingViewController.h; sourceTree = "<group>"; };
		A9694C3D1C8CA55900961FCD /* RankingViewController.m */ = {isa = PBXFileReference; fileEncoding = 4; lastKnownFileType = sourcecode.c.objc; path = RankingViewController.m; sourceTree = "<group>"; };
		A9694C3F1C8CA57A00961FCD /* AboutViewController.h */ = {isa = PBXFileReference; fileEncoding = 4; lastKnownFileType = sourcecode.c.h; path = AboutViewController.h; sourceTree = "<group>"; };
		A9694C401C8CA57A00961FCD /* AboutViewController.m */ = {isa = PBXFileReference; fileEncoding = 4; lastKnownFileType = sourcecode.c.objc; path = AboutViewController.m; sourceTree = "<group>"; };
		A9694C451C8CC4B500961FCD /* TrailViewController.h */ = {isa = PBXFileReference; fileEncoding = 4; lastKnownFileType = sourcecode.c.h; path = TrailViewController.h; sourceTree = "<group>"; };
		A9694C461C8CC4B500961FCD /* TrailViewController.m */ = {isa = PBXFileReference; fileEncoding = 4; lastKnownFileType = sourcecode.c.objc; path = TrailViewController.m; sourceTree = "<group>"; };
		A9694C481C8CD0D700961FCD /* DLRadioButton.h */ = {isa = PBXFileReference; fileEncoding = 4; lastKnownFileType = sourcecode.c.h; path = DLRadioButton.h; sourceTree = "<group>"; };
		A9694C491C8CD0D700961FCD /* DLRadioButton.m */ = {isa = PBXFileReference; fileEncoding = 4; lastKnownFileType = sourcecode.c.objc; path = DLRadioButton.m; sourceTree = "<group>"; };
		A9694CCC1C8CE3D100961FCD /* GTLDefines.h */ = {isa = PBXFileReference; fileEncoding = 4; lastKnownFileType = sourcecode.c.h; path = GTLDefines.h; sourceTree = "<group>"; };
		A9694CCE1C8CE3D100961FCD /* GTMGatherInputStream.h */ = {isa = PBXFileReference; fileEncoding = 4; lastKnownFileType = sourcecode.c.h; path = GTMGatherInputStream.h; sourceTree = "<group>"; };
		A9694CCF1C8CE3D100961FCD /* GTMGatherInputStream.m */ = {isa = PBXFileReference; fileEncoding = 4; lastKnownFileType = sourcecode.c.objc; path = GTMGatherInputStream.m; sourceTree = "<group>"; };
		A9694CD01C8CE3D100961FCD /* GTMHTTPFetcher.h */ = {isa = PBXFileReference; fileEncoding = 4; lastKnownFileType = sourcecode.c.h; path = GTMHTTPFetcher.h; sourceTree = "<group>"; };
		A9694CD11C8CE3D100961FCD /* GTMHTTPFetcher.m */ = {isa = PBXFileReference; fileEncoding = 4; lastKnownFileType = sourcecode.c.objc; path = GTMHTTPFetcher.m; sourceTree = "<group>"; };
		A9694CD21C8CE3D100961FCD /* GTMHTTPFetcherLogging.h */ = {isa = PBXFileReference; fileEncoding = 4; lastKnownFileType = sourcecode.c.h; path = GTMHTTPFetcherLogging.h; sourceTree = "<group>"; };
		A9694CD31C8CE3D100961FCD /* GTMHTTPFetcherLogging.m */ = {isa = PBXFileReference; fileEncoding = 4; lastKnownFileType = sourcecode.c.objc; path = GTMHTTPFetcherLogging.m; sourceTree = "<group>"; };
		A9694CD41C8CE3D100961FCD /* GTMHTTPFetcherService.h */ = {isa = PBXFileReference; fileEncoding = 4; lastKnownFileType = sourcecode.c.h; path = GTMHTTPFetcherService.h; sourceTree = "<group>"; };
		A9694CD51C8CE3D100961FCD /* GTMHTTPFetcherService.m */ = {isa = PBXFileReference; fileEncoding = 4; lastKnownFileType = sourcecode.c.objc; path = GTMHTTPFetcherService.m; sourceTree = "<group>"; };
		A9694CD61C8CE3D100961FCD /* GTMHTTPFetchHistory.h */ = {isa = PBXFileReference; fileEncoding = 4; lastKnownFileType = sourcecode.c.h; path = GTMHTTPFetchHistory.h; sourceTree = "<group>"; };
		A9694CD71C8CE3D100961FCD /* GTMHTTPFetchHistory.m */ = {isa = PBXFileReference; fileEncoding = 4; lastKnownFileType = sourcecode.c.objc; path = GTMHTTPFetchHistory.m; sourceTree = "<group>"; };
		A9694CD81C8CE3D100961FCD /* GTMHTTPUploadFetcher.h */ = {isa = PBXFileReference; fileEncoding = 4; lastKnownFileType = sourcecode.c.h; path = GTMHTTPUploadFetcher.h; sourceTree = "<group>"; };
		A9694CD91C8CE3D100961FCD /* GTMHTTPUploadFetcher.m */ = {isa = PBXFileReference; fileEncoding = 4; lastKnownFileType = sourcecode.c.objc; path = GTMHTTPUploadFetcher.m; sourceTree = "<group>"; };
		A9694CDA1C8CE3D100961FCD /* GTMMIMEDocument.h */ = {isa = PBXFileReference; fileEncoding = 4; lastKnownFileType = sourcecode.c.h; path = GTMMIMEDocument.h; sourceTree = "<group>"; };
		A9694CDB1C8CE3D100961FCD /* GTMMIMEDocument.m */ = {isa = PBXFileReference; fileEncoding = 4; lastKnownFileType = sourcecode.c.objc; path = GTMMIMEDocument.m; sourceTree = "<group>"; };
		A9694CDC1C8CE3D100961FCD /* GTMReadMonitorInputStream.h */ = {isa = PBXFileReference; fileEncoding = 4; lastKnownFileType = sourcecode.c.h; path = GTMReadMonitorInputStream.h; sourceTree = "<group>"; };
		A9694CDD1C8CE3D100961FCD /* GTMReadMonitorInputStream.m */ = {isa = PBXFileReference; fileEncoding = 4; lastKnownFileType = sourcecode.c.objc; path = GTMReadMonitorInputStream.m; sourceTree = "<group>"; };
		A9694CDF1C8CE3D100961FCD /* GTLBatchQuery.h */ = {isa = PBXFileReference; fileEncoding = 4; lastKnownFileType = sourcecode.c.h; path = GTLBatchQuery.h; sourceTree = "<group>"; };
		A9694CE01C8CE3D100961FCD /* GTLBatchQuery.m */ = {isa = PBXFileReference; fileEncoding = 4; lastKnownFileType = sourcecode.c.objc; path = GTLBatchQuery.m; sourceTree = "<group>"; };
		A9694CE11C8CE3D100961FCD /* GTLBatchResult.h */ = {isa = PBXFileReference; fileEncoding = 4; lastKnownFileType = sourcecode.c.h; path = GTLBatchResult.h; sourceTree = "<group>"; };
		A9694CE21C8CE3D100961FCD /* GTLBatchResult.m */ = {isa = PBXFileReference; fileEncoding = 4; lastKnownFileType = sourcecode.c.objc; path = GTLBatchResult.m; sourceTree = "<group>"; };
		A9694CE31C8CE3D100961FCD /* GTLDateTime.h */ = {isa = PBXFileReference; fileEncoding = 4; lastKnownFileType = sourcecode.c.h; path = GTLDateTime.h; sourceTree = "<group>"; };
		A9694CE41C8CE3D100961FCD /* GTLDateTime.m */ = {isa = PBXFileReference; fileEncoding = 4; lastKnownFileType = sourcecode.c.objc; path = GTLDateTime.m; sourceTree = "<group>"; };
		A9694CE51C8CE3D100961FCD /* GTLErrorObject.h */ = {isa = PBXFileReference; fileEncoding = 4; lastKnownFileType = sourcecode.c.h; path = GTLErrorObject.h; sourceTree = "<group>"; };
		A9694CE61C8CE3D100961FCD /* GTLErrorObject.m */ = {isa = PBXFileReference; fileEncoding = 4; lastKnownFileType = sourcecode.c.objc; path = GTLErrorObject.m; sourceTree = "<group>"; };
		A9694CE71C8CE3D100961FCD /* GTLObject.h */ = {isa = PBXFileReference; fileEncoding = 4; lastKnownFileType = sourcecode.c.h; path = GTLObject.h; sourceTree = "<group>"; };
		A9694CE81C8CE3D100961FCD /* GTLObject.m */ = {isa = PBXFileReference; fileEncoding = 4; lastKnownFileType = sourcecode.c.objc; path = GTLObject.m; sourceTree = "<group>"; };
		A9694CE91C8CE3D100961FCD /* GTLQuery.h */ = {isa = PBXFileReference; fileEncoding = 4; lastKnownFileType = sourcecode.c.h; path = GTLQuery.h; sourceTree = "<group>"; };
		A9694CEA1C8CE3D100961FCD /* GTLQuery.m */ = {isa = PBXFileReference; fileEncoding = 4; lastKnownFileType = sourcecode.c.objc; path = GTLQuery.m; sourceTree = "<group>"; };
		A9694CEB1C8CE3D100961FCD /* GTLRuntimeCommon.h */ = {isa = PBXFileReference; fileEncoding = 4; lastKnownFileType = sourcecode.c.h; path = GTLRuntimeCommon.h; sourceTree = "<group>"; };
		A9694CEC1C8CE3D100961FCD /* GTLRuntimeCommon.m */ = {isa = PBXFileReference; fileEncoding = 4; lastKnownFileType = sourcecode.c.objc; path = GTLRuntimeCommon.m; sourceTree = "<group>"; };
		A9694CED1C8CE3D100961FCD /* GTLService.h */ = {isa = PBXFileReference; fileEncoding = 4; lastKnownFileType = sourcecode.c.h; path = GTLService.h; sourceTree = "<group>"; };
		A9694CEE1C8CE3D100961FCD /* GTLService.m */ = {isa = PBXFileReference; fileEncoding = 4; lastKnownFileType = sourcecode.c.objc; path = GTLService.m; sourceTree = "<group>"; };
		A9694CEF1C8CE3D100961FCD /* GTLUploadParameters.h */ = {isa = PBXFileReference; fileEncoding = 4; lastKnownFileType = sourcecode.c.h; path = GTLUploadParameters.h; sourceTree = "<group>"; };
		A9694CF01C8CE3D100961FCD /* GTLUploadParameters.m */ = {isa = PBXFileReference; fileEncoding = 4; lastKnownFileType = sourcecode.c.objc; path = GTLUploadParameters.m; sourceTree = "<group>"; };
		A9694CF21C8CE3D100961FCD /* GTLBase64.h */ = {isa = PBXFileReference; fileEncoding = 4; lastKnownFileType = sourcecode.c.h; path = GTLBase64.h; sourceTree = "<group>"; };
		A9694CF31C8CE3D100961FCD /* GTLBase64.m */ = {isa = PBXFileReference; fileEncoding = 4; lastKnownFileType = sourcecode.c.objc; path = GTLBase64.m; sourceTree = "<group>"; };
		A9694CF41C8CE3D100961FCD /* GTLFramework.h */ = {isa = PBXFileReference; fileEncoding = 4; lastKnownFileType = sourcecode.c.h; path = GTLFramework.h; sourceTree = "<group>"; };
		A9694CF51C8CE3D100961FCD /* GTLFramework.m */ = {isa = PBXFileReference; fileEncoding = 4; lastKnownFileType = sourcecode.c.objc; path = GTLFramework.m; sourceTree = "<group>"; };
		A9694CF61C8CE3D100961FCD /* GTLJSONParser.h */ = {isa = PBXFileReference; fileEncoding = 4; lastKnownFileType = sourcecode.c.h; path = GTLJSONParser.h; sourceTree = "<group>"; };
		A9694CF71C8CE3D100961FCD /* GTLJSONParser.m */ = {isa = PBXFileReference; fileEncoding = 4; lastKnownFileType = sourcecode.c.objc; path = GTLJSONParser.m; sourceTree = "<group>"; };
		A9694CF81C8CE3D100961FCD /* GTLTargetNamespace.h */ = {isa = PBXFileReference; fileEncoding = 4; lastKnownFileType = sourcecode.c.h; path = GTLTargetNamespace.h; sourceTree = "<group>"; };
		A9694CF91C8CE3D100961FCD /* GTLUtilities.h */ = {isa = PBXFileReference; fileEncoding = 4; lastKnownFileType = sourcecode.c.h; path = GTLUtilities.h; sourceTree = "<group>"; };
		A9694CFA1C8CE3D100961FCD /* GTLUtilities.m */ = {isa = PBXFileReference; fileEncoding = 4; lastKnownFileType = sourcecode.c.objc; path = GTLUtilities.m; sourceTree = "<group>"; };
		A9E188931C8B9D3A000D9668 /* HackeoUrbano.app */ = {isa = PBXFileReference; explicitFileType = wrapper.application; includeInIndex = 0; path = HackeoUrbano.app; sourceTree = BUILT_PRODUCTS_DIR; };
		A9E188971C8B9D3A000D9668 /* main.m */ = {isa = PBXFileReference; lastKnownFileType = sourcecode.c.objc; path = main.m; sourceTree = "<group>"; };
		A9E188991C8B9D3A000D9668 /* AppDelegate.h */ = {isa = PBXFileReference; lastKnownFileType = sourcecode.c.h; path = AppDelegate.h; sourceTree = "<group>"; };
		A9E1889A1C8B9D3A000D9668 /* AppDelegate.m */ = {isa = PBXFileReference; lastKnownFileType = sourcecode.c.objc; path = AppDelegate.m; sourceTree = "<group>"; };
		A9E188A01C8B9D3A000D9668 /* Base */ = {isa = PBXFileReference; lastKnownFileType = file.storyboard; name = Base; path = Base.lproj/Main.storyboard; sourceTree = "<group>"; };
		A9E188A21C8B9D3A000D9668 /* Assets.xcassets */ = {isa = PBXFileReference; lastKnownFileType = folder.assetcatalog; path = Assets.xcassets; sourceTree = "<group>"; };
		A9E188A51C8B9D3A000D9668 /* Base */ = {isa = PBXFileReference; lastKnownFileType = file.storyboard; name = Base; path = Base.lproj/LaunchScreen.storyboard; sourceTree = "<group>"; };
		A9E188A71C8B9D3A000D9668 /* Info.plist */ = {isa = PBXFileReference; lastKnownFileType = text.plist.xml; path = Info.plist; sourceTree = "<group>"; };
		A9E853781C93E46100F1A095 /* HCSStarRatingView.h */ = {isa = PBXFileReference; fileEncoding = 4; lastKnownFileType = sourcecode.c.h; path = HCSStarRatingView.h; sourceTree = "<group>"; };
		A9E853791C93E46100F1A095 /* HCSStarRatingView.m */ = {isa = PBXFileReference; fileEncoding = 4; lastKnownFileType = sourcecode.c.objc; path = HCSStarRatingView.m; sourceTree = "<group>"; };
		A9E8537E1C94993400F1A095 /* GTLDashboardAPI.h */ = {isa = PBXFileReference; fileEncoding = 4; lastKnownFileType = sourcecode.c.h; path = GTLDashboardAPI.h; sourceTree = "<group>"; };
		A9E853801C94993400F1A095 /* GTLDashboardAPIAreaWrapper.h */ = {isa = PBXFileReference; fileEncoding = 4; lastKnownFileType = sourcecode.c.h; path = GTLDashboardAPIAreaWrapper.h; sourceTree = "<group>"; };
		A9E853811C94993400F1A095 /* GTLDashboardAPIAreaWrapper.m */ = {isa = PBXFileReference; fileEncoding = 4; lastKnownFileType = sourcecode.c.objc; path = GTLDashboardAPIAreaWrapper.m; sourceTree = "<group>"; };
		A9E853821C94993400F1A095 /* GTLDashboardAPIConstants.h */ = {isa = PBXFileReference; fileEncoding = 4; lastKnownFileType = sourcecode.c.h; path = GTLDashboardAPIConstants.h; sourceTree = "<group>"; };
		A9E853831C94993400F1A095 /* GTLDashboardAPIConstants.m */ = {isa = PBXFileReference; fileEncoding = 4; lastKnownFileType = sourcecode.c.objc; path = GTLDashboardAPIConstants.m; sourceTree = "<group>"; };
		A9E853841C94993400F1A095 /* GTLDashboardAPICursorParameter.h */ = {isa = PBXFileReference; fileEncoding = 4; lastKnownFileType = sourcecode.c.h; path = GTLDashboardAPICursorParameter.h; sourceTree = "<group>"; };
		A9E853851C94993400F1A095 /* GTLDashboardAPICursorParameter.m */ = {isa = PBXFileReference; fileEncoding = 4; lastKnownFileType = sourcecode.c.objc; path = GTLDashboardAPICursorParameter.m; sourceTree = "<group>"; };
		A9E853861C94993400F1A095 /* GTLDashboardAPIDate.h */ = {isa = PBXFileReference; fileEncoding = 4; lastKnownFileType = sourcecode.c.h; path = GTLDashboardAPIDate.h; sourceTree = "<group>"; };
		A9E853871C94993400F1A095 /* GTLDashboardAPIDate.m */ = {isa = PBXFileReference; fileEncoding = 4; lastKnownFileType = sourcecode.c.objc; path = GTLDashboardAPIDate.m; sourceTree = "<group>"; };
		A9E853881C94993400F1A095 /* GTLDashboardAPIGPSLocation.h */ = {isa = PBXFileReference; fileEncoding = 4; lastKnownFileType = sourcecode.c.h; path = GTLDashboardAPIGPSLocation.h; sourceTree = "<group>"; };
		A9E853891C94993400F1A095 /* GTLDashboardAPIGPSLocation.m */ = {isa = PBXFileReference; fileEncoding = 4; lastKnownFileType = sourcecode.c.objc; path = GTLDashboardAPIGPSLocation.m; sourceTree = "<group>"; };
		A9E8538A1C94993400F1A095 /* GTLDashboardAPIQuestionnaireWrapper.h */ = {isa = PBXFileReference; fileEncoding = 4; lastKnownFileType = sourcecode.c.h; path = GTLDashboardAPIQuestionnaireWrapper.h; sourceTree = "<group>"; };
		A9E8538B1C94993400F1A095 /* GTLDashboardAPIQuestionnaireWrapper.m */ = {isa = PBXFileReference; fileEncoding = 4; lastKnownFileType = sourcecode.c.objc; path = GTLDashboardAPIQuestionnaireWrapper.m; sourceTree = "<group>"; };
		A9E8538C1C94993400F1A095 /* GTLDashboardAPIRouteStatsParameter.h */ = {isa = PBXFileReference; fileEncoding = 4; lastKnownFileType = sourcecode.c.h; path = GTLDashboardAPIRouteStatsParameter.h; sourceTree = "<group>"; };
		A9E8538D1C94993400F1A095 /* GTLDashboardAPIRouteStatsParameter.m */ = {isa = PBXFileReference; fileEncoding = 4; lastKnownFileType = sourcecode.c.objc; path = GTLDashboardAPIRouteStatsParameter.m; sourceTree = "<group>"; };
		A9E8538E1C94993400F1A095 /* GTLDashboardAPIRouteStatsResponse.h */ = {isa = PBXFileReference; fileEncoding = 4; lastKnownFileType = sourcecode.c.h; path = GTLDashboardAPIRouteStatsResponse.h; sourceTree = "<group>"; };
		A9E8538F1C94993400F1A095 /* GTLDashboardAPIRouteStatsResponse.m */ = {isa = PBXFileReference; fileEncoding = 4; lastKnownFileType = sourcecode.c.objc; path = GTLDashboardAPIRouteStatsResponse.m; sourceTree = "<group>"; };
		A9E853901C94993400F1A095 /* GTLDashboardAPIRouteStatsWrapper.h */ = {isa = PBXFileReference; fileEncoding = 4; lastKnownFileType = sourcecode.c.h; path = GTLDashboardAPIRouteStatsWrapper.h; sourceTree = "<group>"; };
		A9E853911C94993400F1A095 /* GTLDashboardAPIRouteStatsWrapper.m */ = {isa = PBXFileReference; fileEncoding = 4; lastKnownFileType = sourcecode.c.objc; path = GTLDashboardAPIRouteStatsWrapper.m; sourceTree = "<group>"; };
		A9E853921C94993400F1A095 /* GTLDashboardAPISearchByKeywordParameter.h */ = {isa = PBXFileReference; fileEncoding = 4; lastKnownFileType = sourcecode.c.h; path = GTLDashboardAPISearchByKeywordParameter.h; sourceTree = "<group>"; };
		A9E853931C94993400F1A095 /* GTLDashboardAPISearchByKeywordParameter.m */ = {isa = PBXFileReference; fileEncoding = 4; lastKnownFileType = sourcecode.c.objc; path = GTLDashboardAPISearchByKeywordParameter.m; sourceTree = "<group>"; };
		A9E853941C94993400F1A095 /* GTLDashboardAPITime.h */ = {isa = PBXFileReference; fileEncoding = 4; lastKnownFileType = sourcecode.c.h; path = GTLDashboardAPITime.h; sourceTree = "<group>"; };
		A9E853951C94993400F1A095 /* GTLDashboardAPITime.m */ = {isa = PBXFileReference; fileEncoding = 4; lastKnownFileType = sourcecode.c.objc; path = GTLDashboardAPITime.m; sourceTree = "<group>"; };
		A9E853961C94993400F1A095 /* GTLDashboardAPITimeStamp.h */ = {isa = PBXFileReference; fileEncoding = 4; lastKnownFileType = sourcecode.c.h; path = GTLDashboardAPITimeStamp.h; sourceTree = "<group>"; };
		A9E853971C94993400F1A095 /* GTLDashboardAPITimeStamp.m */ = {isa = PBXFileReference; fileEncoding = 4; lastKnownFileType = sourcecode.c.objc; path = GTLDashboardAPITimeStamp.m; sourceTree = "<group>"; };
		A9E853981C94993400F1A095 /* GTLDashboardAPITrailDetails.h */ = {isa = PBXFileReference; fileEncoding = 4; lastKnownFileType = sourcecode.c.h; path = GTLDashboardAPITrailDetails.h; sourceTree = "<group>"; };
		A9E853991C94993400F1A095 /* GTLDashboardAPITrailDetails.m */ = {isa = PBXFileReference; fileEncoding = 4; lastKnownFileType = sourcecode.c.objc; path = GTLDashboardAPITrailDetails.m; sourceTree = "<group>"; };
		A9E8539A1C94993400F1A095 /* GTLDashboardAPITrailDetailsCollection.h */ = {isa = PBXFileReference; fileEncoding = 4; lastKnownFileType = sourcecode.c.h; path = GTLDashboardAPITrailDetailsCollection.h; sourceTree = "<group>"; };
		A9E8539B1C94993400F1A095 /* GTLDashboardAPITrailDetailsCollection.m */ = {isa = PBXFileReference; fileEncoding = 4; lastKnownFileType = sourcecode.c.objc; path = GTLDashboardAPITrailDetailsCollection.m; sourceTree = "<group>"; };
		A9E8539C1C94993400F1A095 /* GTLDashboardAPITrailListResponse.h */ = {isa = PBXFileReference; fileEncoding = 4; lastKnownFileType = sourcecode.c.h; path = GTLDashboardAPITrailListResponse.h; sourceTree = "<group>"; };
		A9E8539D1C94993400F1A095 /* GTLDashboardAPITrailListResponse.m */ = {isa = PBXFileReference; fileEncoding = 4; lastKnownFileType = sourcecode.c.objc; path = GTLDashboardAPITrailListResponse.m; sourceTree = "<group>"; };
		A9E8539E1C94993400F1A095 /* GTLDashboardAPITrailPointsRequestParameter.h */ = {isa = PBXFileReference; fileEncoding = 4; lastKnownFileType = sourcecode.c.h; path = GTLDashboardAPITrailPointsRequestParameter.h; sourceTree = "<group>"; };
		A9E8539F1C94993400F1A095 /* GTLDashboardAPITrailPointsRequestParameter.m */ = {isa = PBXFileReference; fileEncoding = 4; lastKnownFileType = sourcecode.c.objc; path = GTLDashboardAPITrailPointsRequestParameter.m; sourceTree = "<group>"; };
		A9E853A01C94993400F1A095 /* GTLDashboardAPITrailPointsResult.h */ = {isa = PBXFileReference; fileEncoding = 4; lastKnownFileType = sourcecode.c.h; path = GTLDashboardAPITrailPointsResult.h; sourceTree = "<group>"; };
		A9E853A11C94993400F1A095 /* GTLDashboardAPITrailPointsResult.m */ = {isa = PBXFileReference; fileEncoding = 4; lastKnownFileType = sourcecode.c.objc; path = GTLDashboardAPITrailPointsResult.m; sourceTree = "<group>"; };
		A9E853A21C94993400F1A095 /* GTLDashboardAPITrailPointWrapper.h */ = {isa = PBXFileReference; fileEncoding = 4; lastKnownFileType = sourcecode.c.h; path = GTLDashboardAPITrailPointWrapper.h; sourceTree = "<group>"; };
		A9E853A31C94993400F1A095 /* GTLDashboardAPITrailPointWrapper.m */ = {isa = PBXFileReference; fileEncoding = 4; lastKnownFileType = sourcecode.c.objc; path = GTLDashboardAPITrailPointWrapper.m; sourceTree = "<group>"; };
		A9E853A41C94993400F1A095 /* GTLQueryDashboardAPI.h */ = {isa = PBXFileReference; fileEncoding = 4; lastKnownFileType = sourcecode.c.h; path = GTLQueryDashboardAPI.h; sourceTree = "<group>"; };
		A9E853A51C94993400F1A095 /* GTLQueryDashboardAPI.m */ = {isa = PBXFileReference; fileEncoding = 4; lastKnownFileType = sourcecode.c.objc; path = GTLQueryDashboardAPI.m; sourceTree = "<group>"; };
		A9E853A61C94993400F1A095 /* GTLServiceDashboardAPI.h */ = {isa = PBXFileReference; fileEncoding = 4; lastKnownFileType = sourcecode.c.h; path = GTLServiceDashboardAPI.h; sourceTree = "<group>"; };
		A9E853A71C94993400F1A095 /* GTLServiceDashboardAPI.m */ = {isa = PBXFileReference; fileEncoding = 4; lastKnownFileType = sourcecode.c.objc; path = GTLServiceDashboardAPI.m; sourceTree = "<group>"; };
		A9E853BE1C94A78100F1A095 /* ProgressHUD.bundle */ = {isa = PBXFileReference; lastKnownFileType = "wrapper.plug-in"; path = ProgressHUD.bundle; sourceTree = "<group>"; };
		A9E853BF1C94A78200F1A095 /* ProgressHUD.h */ = {isa = PBXFileReference; fileEncoding = 4; lastKnownFileType = sourcecode.c.h; path = ProgressHUD.h; sourceTree = "<group>"; };
		A9E853C01C94A78200F1A095 /* ProgressHUD.m */ = {isa = PBXFileReference; fileEncoding = 4; lastKnownFileType = sourcecode.c.objc; path = ProgressHUD.m; sourceTree = "<group>"; };
		A9ED1A251C8BA971007636CA /* MASCompositeConstraint.h */ = {isa = PBXFileReference; fileEncoding = 4; lastKnownFileType = sourcecode.c.h; path = MASCompositeConstraint.h; sourceTree = "<group>"; };
		A9ED1A261C8BA971007636CA /* MASCompositeConstraint.m */ = {isa = PBXFileReference; fileEncoding = 4; lastKnownFileType = sourcecode.c.objc; path = MASCompositeConstraint.m; sourceTree = "<group>"; };
		A9ED1A271C8BA971007636CA /* MASConstraint+Private.h */ = {isa = PBXFileReference; fileEncoding = 4; lastKnownFileType = sourcecode.c.h; path = "MASConstraint+Private.h"; sourceTree = "<group>"; };
		A9ED1A281C8BA971007636CA /* MASConstraint.h */ = {isa = PBXFileReference; fileEncoding = 4; lastKnownFileType = sourcecode.c.h; path = MASConstraint.h; sourceTree = "<group>"; };
		A9ED1A291C8BA971007636CA /* MASConstraint.m */ = {isa = PBXFileReference; fileEncoding = 4; lastKnownFileType = sourcecode.c.objc; path = MASConstraint.m; sourceTree = "<group>"; };
		A9ED1A2A1C8BA971007636CA /* MASConstraintMaker.h */ = {isa = PBXFileReference; fileEncoding = 4; lastKnownFileType = sourcecode.c.h; path = MASConstraintMaker.h; sourceTree = "<group>"; };
		A9ED1A2B1C8BA971007636CA /* MASConstraintMaker.m */ = {isa = PBXFileReference; fileEncoding = 4; lastKnownFileType = sourcecode.c.objc; path = MASConstraintMaker.m; sourceTree = "<group>"; };
		A9ED1A2C1C8BA971007636CA /* MASLayoutConstraint.h */ = {isa = PBXFileReference; fileEncoding = 4; lastKnownFileType = sourcecode.c.h; path = MASLayoutConstraint.h; sourceTree = "<group>"; };
		A9ED1A2D1C8BA971007636CA /* MASLayoutConstraint.m */ = {isa = PBXFileReference; fileEncoding = 4; lastKnownFileType = sourcecode.c.objc; path = MASLayoutConstraint.m; sourceTree = "<group>"; };
		A9ED1A2E1C8BA971007636CA /* Masonry.h */ = {isa = PBXFileReference; fileEncoding = 4; lastKnownFileType = sourcecode.c.h; path = Masonry.h; sourceTree = "<group>"; };
		A9ED1A2F1C8BA971007636CA /* MASUtilities.h */ = {isa = PBXFileReference; fileEncoding = 4; lastKnownFileType = sourcecode.c.h; path = MASUtilities.h; sourceTree = "<group>"; };
		A9ED1A301C8BA971007636CA /* MASViewAttribute.h */ = {isa = PBXFileReference; fileEncoding = 4; lastKnownFileType = sourcecode.c.h; path = MASViewAttribute.h; sourceTree = "<group>"; };
		A9ED1A311C8BA971007636CA /* MASViewAttribute.m */ = {isa = PBXFileReference; fileEncoding = 4; lastKnownFileType = sourcecode.c.objc; path = MASViewAttribute.m; sourceTree = "<group>"; };
		A9ED1A321C8BA971007636CA /* MASViewConstraint.h */ = {isa = PBXFileReference; fileEncoding = 4; lastKnownFileType = sourcecode.c.h; path = MASViewConstraint.h; sourceTree = "<group>"; };
		A9ED1A331C8BA971007636CA /* MASViewConstraint.m */ = {isa = PBXFileReference; fileEncoding = 4; lastKnownFileType = sourcecode.c.objc; path = MASViewConstraint.m; sourceTree = "<group>"; };
		A9ED1A341C8BA971007636CA /* NSArray+MASAdditions.h */ = {isa = PBXFileReference; fileEncoding = 4; lastKnownFileType = sourcecode.c.h; path = "NSArray+MASAdditions.h"; sourceTree = "<group>"; };
		A9ED1A351C8BA971007636CA /* NSArray+MASAdditions.m */ = {isa = PBXFileReference; fileEncoding = 4; lastKnownFileType = sourcecode.c.objc; path = "NSArray+MASAdditions.m"; sourceTree = "<group>"; };
		A9ED1A361C8BA971007636CA /* NSArray+MASShorthandAdditions.h */ = {isa = PBXFileReference; fileEncoding = 4; lastKnownFileType = sourcecode.c.h; path = "NSArray+MASShorthandAdditions.h"; sourceTree = "<group>"; };
		A9ED1A371C8BA971007636CA /* NSLayoutConstraint+MASDebugAdditions.h */ = {isa = PBXFileReference; fileEncoding = 4; lastKnownFileType = sourcecode.c.h; path = "NSLayoutConstraint+MASDebugAdditions.h"; sourceTree = "<group>"; };
		A9ED1A381C8BA971007636CA /* NSLayoutConstraint+MASDebugAdditions.m */ = {isa = PBXFileReference; fileEncoding = 4; lastKnownFileType = sourcecode.c.objc; path = "NSLayoutConstraint+MASDebugAdditions.m"; sourceTree = "<group>"; };
		A9ED1A391C8BA971007636CA /* View+MASAdditions.h */ = {isa = PBXFileReference; fileEncoding = 4; lastKnownFileType = sourcecode.c.h; path = "View+MASAdditions.h"; sourceTree = "<group>"; };
		A9ED1A3A1C8BA971007636CA /* View+MASAdditions.m */ = {isa = PBXFileReference; fileEncoding = 4; lastKnownFileType = sourcecode.c.objc; path = "View+MASAdditions.m"; sourceTree = "<group>"; };
		A9ED1A3B1C8BA971007636CA /* View+MASShorthandAdditions.h */ = {isa = PBXFileReference; fileEncoding = 4; lastKnownFileType = sourcecode.c.h; path = "View+MASShorthandAdditions.h"; sourceTree = "<group>"; };
		A9ED1A461C8BAC04007636CA /* HUColor.h */ = {isa = PBXFileReference; fileEncoding = 4; lastKnownFileType = sourcecode.c.h; path = HUColor.h; sourceTree = "<group>"; };
		A9ED1A471C8BAC04007636CA /* HUColor.m */ = {isa = PBXFileReference; fileEncoding = 4; lastKnownFileType = sourcecode.c.objc; path = HUColor.m; sourceTree = "<group>"; };
		A9ED1A4A1C8BBD6C007636CA /* SWFrontViewController.h */ = {isa = PBXFileReference; fileEncoding = 4; lastKnownFileType = sourcecode.c.h; path = SWFrontViewController.h; sourceTree = "<group>"; };
		A9ED1A4B1C8BBD6C007636CA /* SWFrontViewController.m */ = {isa = PBXFileReference; fileEncoding = 4; lastKnownFileType = sourcecode.c.objc; path = SWFrontViewController.m; sourceTree = "<group>"; };
		A9ED1A4C1C8BBD6C007636CA /* SWMenuViewController.h */ = {isa = PBXFileReference; fileEncoding = 4; lastKnownFileType = sourcecode.c.h; path = SWMenuViewController.h; sourceTree = "<group>"; };
		A9ED1A4D1C8BBD6C007636CA /* SWMenuViewController.m */ = {isa = PBXFileReference; fileEncoding = 4; lastKnownFileType = sourcecode.c.objc; path = SWMenuViewController.m; sourceTree = "<group>"; };
		A9ED1A4E1C8BBD6C007636CA /* SWRevealViewController.h */ = {isa = PBXFileReference; fileEncoding = 4; lastKnownFileType = sourcecode.c.h; path = SWRevealViewController.h; sourceTree = "<group>"; };
		A9ED1A4F1C8BBD6C007636CA /* SWRevealViewController.m */ = {isa = PBXFileReference; fileEncoding = 4; lastKnownFileType = sourcecode.c.objc; path = SWRevealViewController.m; sourceTree = "<group>"; };
		A9ED1A571C8BBF3C007636CA /* MenuViewController.h */ = {isa = PBXFileReference; fileEncoding = 4; lastKnownFileType = sourcecode.c.h; path = MenuViewController.h; sourceTree = "<group>"; };
		A9ED1A581C8BBF3C007636CA /* MenuViewController.m */ = {isa = PBXFileReference; fileEncoding = 4; lastKnownFileType = sourcecode.c.objc; path = MenuViewController.m; sourceTree = "<group>"; };
/* End PBXFileReference section */

/* Begin PBXFrameworksBuildPhase section */
		A9E188901C8B9D39000D9668 /* Frameworks */ = {
			isa = PBXFrameworksBuildPhase;
			buildActionMask = 2147483647;
			files = (
			);
			runOnlyForDeploymentPostprocessing = 0;
		};
/* End PBXFrameworksBuildPhase section */

/* Begin PBXGroup section */
		377168261C8BA3C0004B4843 /* Main */ = {
			isa = PBXGroup;
			children = (
				3771682C1C8BA460004B4843 /* MapViewController.h */,
				3771682D1C8BA460004B4843 /* MapViewController.m */,
				A9694C451C8CC4B500961FCD /* TrailViewController.h */,
				A9694C461C8CC4B500961FCD /* TrailViewController.m */,
				377168291C8BA448004B4843 /* SurveyViewController.h */,
				3771682A1C8BA448004B4843 /* SurveyViewController.m */,
			);
			name = Main;
			sourceTree = "<group>";
		};
		377168271C8BA3D2004B4843 /* Ranking */ = {
			isa = PBXGroup;
			children = (
				A9694C3C1C8CA55900961FCD /* RankingViewController.h */,
				A9694C3D1C8CA55900961FCD /* RankingViewController.m */,
			);
			name = Ranking;
			sourceTree = "<group>";
		};
		377168281C8BA3DA004B4843 /* About */ = {
			isa = PBXGroup;
			children = (
				A9694C3F1C8CA57A00961FCD /* AboutViewController.h */,
				A9694C401C8CA57A00961FCD /* AboutViewController.m */,
			);
			name = About;
			sourceTree = "<group>";
		};
		3791A2B11C8CC16700058C14 /* DLRadioButton */ = {
			isa = PBXGroup;
			children = (
				A9694C481C8CD0D700961FCD /* DLRadioButton.h */,
				A9694C491C8CD0D700961FCD /* DLRadioButton.m */,
			);
			path = DLRadioButton;
			sourceTree = "<group>";
		};
		A9694CCB1C8CE3D100961FCD /* Common */ = {
			isa = PBXGroup;
			children = (
				A9694CCC1C8CE3D100961FCD /* GTLDefines.h */,
				A9694CCD1C8CE3D100961FCD /* HTTPFetcher */,
				A9694CDE1C8CE3D100961FCD /* Objects */,
				A9694CF11C8CE3D100961FCD /* Utilities */,
			);
			path = Common;
			sourceTree = "<group>";
		};
		A9694CCD1C8CE3D100961FCD /* HTTPFetcher */ = {
			isa = PBXGroup;
			children = (
				A9694CCE1C8CE3D100961FCD /* GTMGatherInputStream.h */,
				A9694CCF1C8CE3D100961FCD /* GTMGatherInputStream.m */,
				A9694CD01C8CE3D100961FCD /* GTMHTTPFetcher.h */,
				A9694CD11C8CE3D100961FCD /* GTMHTTPFetcher.m */,
				A9694CD21C8CE3D100961FCD /* GTMHTTPFetcherLogging.h */,
				A9694CD31C8CE3D100961FCD /* GTMHTTPFetcherLogging.m */,
				A9694CD41C8CE3D100961FCD /* GTMHTTPFetcherService.h */,
				A9694CD51C8CE3D100961FCD /* GTMHTTPFetcherService.m */,
				A9694CD61C8CE3D100961FCD /* GTMHTTPFetchHistory.h */,
				A9694CD71C8CE3D100961FCD /* GTMHTTPFetchHistory.m */,
				A9694CD81C8CE3D100961FCD /* GTMHTTPUploadFetcher.h */,
				A9694CD91C8CE3D100961FCD /* GTMHTTPUploadFetcher.m */,
				A9694CDA1C8CE3D100961FCD /* GTMMIMEDocument.h */,
				A9694CDB1C8CE3D100961FCD /* GTMMIMEDocument.m */,
				A9694CDC1C8CE3D100961FCD /* GTMReadMonitorInputStream.h */,
				A9694CDD1C8CE3D100961FCD /* GTMReadMonitorInputStream.m */,
			);
			path = HTTPFetcher;
			sourceTree = "<group>";
		};
		A9694CDE1C8CE3D100961FCD /* Objects */ = {
			isa = PBXGroup;
			children = (
				A9694CDF1C8CE3D100961FCD /* GTLBatchQuery.h */,
				A9694CE01C8CE3D100961FCD /* GTLBatchQuery.m */,
				A9694CE11C8CE3D100961FCD /* GTLBatchResult.h */,
				A9694CE21C8CE3D100961FCD /* GTLBatchResult.m */,
				A9694CE31C8CE3D100961FCD /* GTLDateTime.h */,
				A9694CE41C8CE3D100961FCD /* GTLDateTime.m */,
				A9694CE51C8CE3D100961FCD /* GTLErrorObject.h */,
				A9694CE61C8CE3D100961FCD /* GTLErrorObject.m */,
				A9694CE71C8CE3D100961FCD /* GTLObject.h */,
				A9694CE81C8CE3D100961FCD /* GTLObject.m */,
				A9694CE91C8CE3D100961FCD /* GTLQuery.h */,
				A9694CEA1C8CE3D100961FCD /* GTLQuery.m */,
				A9694CEB1C8CE3D100961FCD /* GTLRuntimeCommon.h */,
				A9694CEC1C8CE3D100961FCD /* GTLRuntimeCommon.m */,
				A9694CED1C8CE3D100961FCD /* GTLService.h */,
				A9694CEE1C8CE3D100961FCD /* GTLService.m */,
				A9694CEF1C8CE3D100961FCD /* GTLUploadParameters.h */,
				A9694CF01C8CE3D100961FCD /* GTLUploadParameters.m */,
			);
			path = Objects;
			sourceTree = "<group>";
		};
		A9694CF11C8CE3D100961FCD /* Utilities */ = {
			isa = PBXGroup;
			children = (
				A9694CF21C8CE3D100961FCD /* GTLBase64.h */,
				A9694CF31C8CE3D100961FCD /* GTLBase64.m */,
				A9694CF41C8CE3D100961FCD /* GTLFramework.h */,
				A9694CF51C8CE3D100961FCD /* GTLFramework.m */,
				A9694CF61C8CE3D100961FCD /* GTLJSONParser.h */,
				A9694CF71C8CE3D100961FCD /* GTLJSONParser.m */,
				A9694CF81C8CE3D100961FCD /* GTLTargetNamespace.h */,
				A9694CF91C8CE3D100961FCD /* GTLUtilities.h */,
				A9694CFA1C8CE3D100961FCD /* GTLUtilities.m */,
			);
			path = Utilities;
			sourceTree = "<group>";
		};
		A9E1888A1C8B9D39000D9668 = {
			isa = PBXGroup;
			children = (
				A9E188951C8B9D3A000D9668 /* HackeoUrbano */,
				A9E188941C8B9D3A000D9668 /* Products */,
			);
			sourceTree = "<group>";
		};
		A9E188941C8B9D3A000D9668 /* Products */ = {
			isa = PBXGroup;
			children = (
				A9E188931C8B9D3A000D9668 /* HackeoUrbano.app */,
			);
			name = Products;
			sourceTree = "<group>";
		};
		A9E188951C8B9D3A000D9668 /* HackeoUrbano */ = {
			isa = PBXGroup;
			children = (
				A9E853BD1C94A78100F1A095 /* ProgressHUD */,
				A9E853771C93E46100F1A095 /* HCSStarRatingView */,
				A9E8537D1C94993400F1A095 /* APIHack */,
				A9694CCB1C8CE3D100961FCD /* Common */,
				3791A2B11C8CC16700058C14 /* DLRadioButton */,
				A9ED1A491C8BBD6C007636CA /* SWRevealViewController */,
				A9ED1A241C8BA971007636CA /* Masonry */,
				A9ED1A561C8BBEE7007636CA /* Menu */,
				377168261C8BA3C0004B4843 /* Main */,
				377168271C8BA3D2004B4843 /* Ranking */,
				377168281C8BA3DA004B4843 /* About */,
				A9ED1A451C8BABBC007636CA /* Utils */,
				A9E188991C8B9D3A000D9668 /* AppDelegate.h */,
				A9E1889A1C8B9D3A000D9668 /* AppDelegate.m */,
				A9E1889F1C8B9D3A000D9668 /* Main.storyboard */,
				A9E188A21C8B9D3A000D9668 /* Assets.xcassets */,
				A9E188A41C8B9D3A000D9668 /* LaunchScreen.storyboard */,
				A9E188A71C8B9D3A000D9668 /* Info.plist */,
				A9E188961C8B9D3A000D9668 /* Supporting Files */,
			);
			path = HackeoUrbano;
			sourceTree = "<group>";
		};
		A9E188961C8B9D3A000D9668 /* Supporting Files */ = {
			isa = PBXGroup;
			children = (
				A9E188971C8B9D3A000D9668 /* main.m */,
			);
			name = "Supporting Files";
			sourceTree = "<group>";
		};
		A9E853771C93E46100F1A095 /* HCSStarRatingView */ = {
			isa = PBXGroup;
			children = (
				A9E853781C93E46100F1A095 /* HCSStarRatingView.h */,
				A9E853791C93E46100F1A095 /* HCSStarRatingView.m */,
			);
			path = HCSStarRatingView;
			sourceTree = "<group>";
		};
		A9E8537D1C94993400F1A095 /* APIHack */ = {
			isa = PBXGroup;
			children = (
				A9E8537E1C94993400F1A095 /* GTLDashboardAPI.h */,
				A9E853801C94993400F1A095 /* GTLDashboardAPIAreaWrapper.h */,
				A9E853811C94993400F1A095 /* GTLDashboardAPIAreaWrapper.m */,
				A9E853821C94993400F1A095 /* GTLDashboardAPIConstants.h */,
				A9E853831C94993400F1A095 /* GTLDashboardAPIConstants.m */,
				A9E853841C94993400F1A095 /* GTLDashboardAPICursorParameter.h */,
				A9E853851C94993400F1A095 /* GTLDashboardAPICursorParameter.m */,
				A9E853861C94993400F1A095 /* GTLDashboardAPIDate.h */,
				A9E853871C94993400F1A095 /* GTLDashboardAPIDate.m */,
				A9E853881C94993400F1A095 /* GTLDashboardAPIGPSLocation.h */,
				A9E853891C94993400F1A095 /* GTLDashboardAPIGPSLocation.m */,
				A9E8538A1C94993400F1A095 /* GTLDashboardAPIQuestionnaireWrapper.h */,
				A9E8538B1C94993400F1A095 /* GTLDashboardAPIQuestionnaireWrapper.m */,
				A9E8538C1C94993400F1A095 /* GTLDashboardAPIRouteStatsParameter.h */,
				A9E8538D1C94993400F1A095 /* GTLDashboardAPIRouteStatsParameter.m */,
				A9E8538E1C94993400F1A095 /* GTLDashboardAPIRouteStatsResponse.h */,
				A9E8538F1C94993400F1A095 /* GTLDashboardAPIRouteStatsResponse.m */,
				A9E853901C94993400F1A095 /* GTLDashboardAPIRouteStatsWrapper.h */,
				A9E853911C94993400F1A095 /* GTLDashboardAPIRouteStatsWrapper.m */,
				A9E853921C94993400F1A095 /* GTLDashboardAPISearchByKeywordParameter.h */,
				A9E853931C94993400F1A095 /* GTLDashboardAPISearchByKeywordParameter.m */,
				A9E853941C94993400F1A095 /* GTLDashboardAPITime.h */,
				A9E853951C94993400F1A095 /* GTLDashboardAPITime.m */,
				A9E853961C94993400F1A095 /* GTLDashboardAPITimeStamp.h */,
				A9E853971C94993400F1A095 /* GTLDashboardAPITimeStamp.m */,
				A9E853981C94993400F1A095 /* GTLDashboardAPITrailDetails.h */,
				A9E853991C94993400F1A095 /* GTLDashboardAPITrailDetails.m */,
				A9E8539A1C94993400F1A095 /* GTLDashboardAPITrailDetailsCollection.h */,
				A9E8539B1C94993400F1A095 /* GTLDashboardAPITrailDetailsCollection.m */,
				A9E8539C1C94993400F1A095 /* GTLDashboardAPITrailListResponse.h */,
				A9E8539D1C94993400F1A095 /* GTLDashboardAPITrailListResponse.m */,
				A9E8539E1C94993400F1A095 /* GTLDashboardAPITrailPointsRequestParameter.h */,
				A9E8539F1C94993400F1A095 /* GTLDashboardAPITrailPointsRequestParameter.m */,
				A9E853A01C94993400F1A095 /* GTLDashboardAPITrailPointsResult.h */,
				A9E853A11C94993400F1A095 /* GTLDashboardAPITrailPointsResult.m */,
				A9E853A21C94993400F1A095 /* GTLDashboardAPITrailPointWrapper.h */,
				A9E853A31C94993400F1A095 /* GTLDashboardAPITrailPointWrapper.m */,
				A9E853A41C94993400F1A095 /* GTLQueryDashboardAPI.h */,
				A9E853A51C94993400F1A095 /* GTLQueryDashboardAPI.m */,
				A9E853A61C94993400F1A095 /* GTLServiceDashboardAPI.h */,
				A9E853A71C94993400F1A095 /* GTLServiceDashboardAPI.m */,
			);
			path = APIHack;
			sourceTree = "<group>";
		};
		A9E853BD1C94A78100F1A095 /* ProgressHUD */ = {
			isa = PBXGroup;
			children = (
				A9E853BE1C94A78100F1A095 /* ProgressHUD.bundle */,
				A9E853BF1C94A78200F1A095 /* ProgressHUD.h */,
				A9E853C01C94A78200F1A095 /* ProgressHUD.m */,
			);
			path = ProgressHUD;
			sourceTree = "<group>";
		};
		A9ED1A241C8BA971007636CA /* Masonry */ = {
			isa = PBXGroup;
			children = (
				A9ED1A251C8BA971007636CA /* MASCompositeConstraint.h */,
				A9ED1A261C8BA971007636CA /* MASCompositeConstraint.m */,
				A9ED1A271C8BA971007636CA /* MASConstraint+Private.h */,
				A9ED1A281C8BA971007636CA /* MASConstraint.h */,
				A9ED1A291C8BA971007636CA /* MASConstraint.m */,
				A9ED1A2A1C8BA971007636CA /* MASConstraintMaker.h */,
				A9ED1A2B1C8BA971007636CA /* MASConstraintMaker.m */,
				A9ED1A2C1C8BA971007636CA /* MASLayoutConstraint.h */,
				A9ED1A2D1C8BA971007636CA /* MASLayoutConstraint.m */,
				A9ED1A2E1C8BA971007636CA /* Masonry.h */,
				A9ED1A2F1C8BA971007636CA /* MASUtilities.h */,
				A9ED1A301C8BA971007636CA /* MASViewAttribute.h */,
				A9ED1A311C8BA971007636CA /* MASViewAttribute.m */,
				A9ED1A321C8BA971007636CA /* MASViewConstraint.h */,
				A9ED1A331C8BA971007636CA /* MASViewConstraint.m */,
				A9ED1A341C8BA971007636CA /* NSArray+MASAdditions.h */,
				A9ED1A351C8BA971007636CA /* NSArray+MASAdditions.m */,
				A9ED1A361C8BA971007636CA /* NSArray+MASShorthandAdditions.h */,
				A9ED1A371C8BA971007636CA /* NSLayoutConstraint+MASDebugAdditions.h */,
				A9ED1A381C8BA971007636CA /* NSLayoutConstraint+MASDebugAdditions.m */,
				A9ED1A391C8BA971007636CA /* View+MASAdditions.h */,
				A9ED1A3A1C8BA971007636CA /* View+MASAdditions.m */,
				A9ED1A3B1C8BA971007636CA /* View+MASShorthandAdditions.h */,
			);
			path = Masonry;
			sourceTree = "<group>";
		};
		A9ED1A451C8BABBC007636CA /* Utils */ = {
			isa = PBXGroup;
			children = (
				A9ED1A461C8BAC04007636CA /* HUColor.h */,
				A9ED1A471C8BAC04007636CA /* HUColor.m */,
			);
			name = Utils;
			sourceTree = "<group>";
		};
		A9ED1A491C8BBD6C007636CA /* SWRevealViewController */ = {
			isa = PBXGroup;
			children = (
				A9ED1A4A1C8BBD6C007636CA /* SWFrontViewController.h */,
				A9ED1A4B1C8BBD6C007636CA /* SWFrontViewController.m */,
				A9ED1A4C1C8BBD6C007636CA /* SWMenuViewController.h */,
				A9ED1A4D1C8BBD6C007636CA /* SWMenuViewController.m */,
				A9ED1A4E1C8BBD6C007636CA /* SWRevealViewController.h */,
				A9ED1A4F1C8BBD6C007636CA /* SWRevealViewController.m */,
			);
			path = SWRevealViewController;
			sourceTree = "<group>";
		};
		A9ED1A561C8BBEE7007636CA /* Menu */ = {
			isa = PBXGroup;
			children = (
				A9ED1A571C8BBF3C007636CA /* MenuViewController.h */,
				A9ED1A581C8BBF3C007636CA /* MenuViewController.m */,
			);
			name = Menu;
			sourceTree = "<group>";
		};
/* End PBXGroup section */

/* Begin PBXNativeTarget section */
		A9E188921C8B9D39000D9668 /* HackeoUrbano */ = {
			isa = PBXNativeTarget;
			buildConfigurationList = A9E188AA1C8B9D3A000D9668 /* Build configuration list for PBXNativeTarget "HackeoUrbano" */;
			buildPhases = (
				A9E1888F1C8B9D39000D9668 /* Sources */,
				A9E188901C8B9D39000D9668 /* Frameworks */,
				A9E188911C8B9D39000D9668 /* Resources */,
			);
			buildRules = (
			);
			dependencies = (
			);
			name = HackeoUrbano;
			productName = HackeoUrbano;
			productReference = A9E188931C8B9D3A000D9668 /* HackeoUrbano.app */;
			productType = "com.apple.product-type.application";
		};
/* End PBXNativeTarget section */

/* Begin PBXProject section */
		A9E1888B1C8B9D39000D9668 /* Project object */ = {
			isa = PBXProject;
			attributes = {
				LastUpgradeCheck = 0720;
				ORGANIZATIONNAME = Krieger;
				TargetAttributes = {
					A9E188921C8B9D39000D9668 = {
						CreatedOnToolsVersion = 7.2.1;
					};
				};
			};
			buildConfigurationList = A9E1888E1C8B9D39000D9668 /* Build configuration list for PBXProject "HackeoUrbano" */;
			compatibilityVersion = "Xcode 3.2";
			developmentRegion = English;
			hasScannedForEncodings = 0;
			knownRegions = (
				en,
				Base,
			);
			mainGroup = A9E1888A1C8B9D39000D9668;
			productRefGroup = A9E188941C8B9D3A000D9668 /* Products */;
			projectDirPath = "";
			projectRoot = "";
			targets = (
				A9E188921C8B9D39000D9668 /* HackeoUrbano */,
			);
		};
/* End PBXProject section */

/* Begin PBXResourcesBuildPhase section */
		A9E188911C8B9D39000D9668 /* Resources */ = {
			isa = PBXResourcesBuildPhase;
			buildActionMask = 2147483647;
			files = (
				A9E853C11C94A78200F1A095 /* ProgressHUD.bundle in Resources */,
				A9E188A61C8B9D3A000D9668 /* LaunchScreen.storyboard in Resources */,
				A9E188A31C8B9D3A000D9668 /* Assets.xcassets in Resources */,
				A9E188A11C8B9D3A000D9668 /* Main.storyboard in Resources */,
			);
			runOnlyForDeploymentPostprocessing = 0;
		};
/* End PBXResourcesBuildPhase section */

/* Begin PBXSourcesBuildPhase section */
		A9E1888F1C8B9D39000D9668 /* Sources */ = {
			isa = PBXSourcesBuildPhase;
			buildActionMask = 2147483647;
			files = (
				A9E853B31C94993400F1A095 /* GTLDashboardAPITime.m in Sources */,
				A9E853B51C94993400F1A095 /* GTLDashboardAPITrailDetails.m in Sources */,
				A9E853B11C94993400F1A095 /* GTLDashboardAPIRouteStatsWrapper.m in Sources */,
				A9E853AE1C94993400F1A095 /* GTLDashboardAPIQuestionnaireWrapper.m in Sources */,
				A9ED1A431C8BA971007636CA /* NSLayoutConstraint+MASDebugAdditions.m in Sources */,
				A9E1889B1C8B9D3A000D9668 /* AppDelegate.m in Sources */,
				A9ED1A411C8BA971007636CA /* MASViewConstraint.m in Sources */,
				A9694C411C8CA57A00961FCD /* AboutViewController.m in Sources */,
				A9E853B21C94993400F1A095 /* GTLDashboardAPISearchByKeywordParameter.m in Sources */,
				A9ED1A591C8BBF3C007636CA /* MenuViewController.m in Sources */,
				A9E853AB1C94993400F1A095 /* GTLDashboardAPICursorParameter.m in Sources */,
				A9ED1A521C8BBD6D007636CA /* SWFrontViewController.m in Sources */,
				A9E853B41C94993400F1A095 /* GTLDashboardAPITimeStamp.m in Sources */,
				A9694D081C8CE3D200961FCD /* GTLQuery.m in Sources */,
				A9ED1A541C8BBD6D007636CA /* SWRevealViewController.m in Sources */,
				A9E853BB1C94993400F1A095 /* GTLQueryDashboardAPI.m in Sources */,
				3771682E1C8BA460004B4843 /* MapViewController.m in Sources */,
				A9694CFD1C8CE3D200961FCD /* GTMHTTPFetcherLogging.m in Sources */,
				A9694D0F1C8CE3D200961FCD /* GTLUtilities.m in Sources */,
				A9694D0C1C8CE3D200961FCD /* GTLBase64.m in Sources */,
				A9E853B01C94993400F1A095 /* GTLDashboardAPIRouteStatsResponse.m in Sources */,
				3771682B1C8BA448004B4843 /* SurveyViewController.m in Sources */,
				A9E853B61C94993400F1A095 /* GTLDashboardAPITrailDetailsCollection.m in Sources */,
				A9ED1A441C8BA971007636CA /* View+MASAdditions.m in Sources */,
				A9ED1A3C1C8BA971007636CA /* MASCompositeConstraint.m in Sources */,
				A9ED1A401C8BA971007636CA /* MASViewAttribute.m in Sources */,
				A9694CFC1C8CE3D200961FCD /* GTMHTTPFetcher.m in Sources */,
				A9E853C21C94A78200F1A095 /* ProgressHUD.m in Sources */,
				A9694CFE1C8CE3D200961FCD /* GTMHTTPFetcherService.m in Sources */,
				A9694D001C8CE3D200961FCD /* GTMHTTPUploadFetcher.m in Sources */,
				A9694D071C8CE3D200961FCD /* GTLObject.m in Sources */,
				A9E853AC1C94993400F1A095 /* GTLDashboardAPIDate.m in Sources */,
				A9ED1A481C8BAC04007636CA /* HUColor.m in Sources */,
				A9E853A91C94993400F1A095 /* GTLDashboardAPIAreaWrapper.m in Sources */,
				A9694D0A1C8CE3D200961FCD /* GTLService.m in Sources */,
				A9ED1A3E1C8BA971007636CA /* MASConstraintMaker.m in Sources */,
				A9E853AD1C94993400F1A095 /* GTLDashboardAPIGPSLocation.m in Sources */,
				A9694D0E1C8CE3D200961FCD /* GTLJSONParser.m in Sources */,
				A9ED1A421C8BA971007636CA /* NSArray+MASAdditions.m in Sources */,
				A9694D041C8CE3D200961FCD /* GTLBatchResult.m in Sources */,
				A9ED1A3D1C8BA971007636CA /* MASConstraint.m in Sources */,
				A9694D0D1C8CE3D200961FCD /* GTLFramework.m in Sources */,
				A9694D0B1C8CE3D200961FCD /* GTLUploadParameters.m in Sources */,
				A9694CFF1C8CE3D200961FCD /* GTMHTTPFetchHistory.m in Sources */,
				A9E8537B1C93E46100F1A095 /* HCSStarRatingView.m in Sources */,
				A9ED1A3F1C8BA971007636CA /* MASLayoutConstraint.m in Sources */,
				A9694D031C8CE3D200961FCD /* GTLBatchQuery.m in Sources */,
				A9E853B91C94993400F1A095 /* GTLDashboardAPITrailPointsResult.m in Sources */,
				A9694CFB1C8CE3D100961FCD /* GTMGatherInputStream.m in Sources */,
				A9ED1A531C8BBD6D007636CA /* SWMenuViewController.m in Sources */,
				A9E853BA1C94993400F1A095 /* GTLDashboardAPITrailPointWrapper.m in Sources */,
				A9E188981C8B9D3A000D9668 /* main.m in Sources */,
				A9E853B81C94993400F1A095 /* GTLDashboardAPITrailPointsRequestParameter.m in Sources */,
				A9694C3E1C8CA55900961FCD /* RankingViewController.m in Sources */,
				A9694D021C8CE3D200961FCD /* GTMReadMonitorInputStream.m in Sources */,
				A9694D051C8CE3D200961FCD /* GTLDateTime.m in Sources */,
				A9E853AA1C94993400F1A095 /* GTLDashboardAPIConstants.m in Sources */,
				A9E853B71C94993400F1A095 /* GTLDashboardAPITrailListResponse.m in Sources */,
				A9694C4A1C8CD0D700961FCD /* DLRadioButton.m in Sources */,
				A9694D061C8CE3D200961FCD /* GTLErrorObject.m in Sources */,
				A9E853BC1C94993400F1A095 /* GTLServiceDashboardAPI.m in Sources */,
				A9694C471C8CC4B500961FCD /* TrailViewController.m in Sources */,
				A9694D011C8CE3D200961FCD /* GTMMIMEDocument.m in Sources */,
				A9694D091C8CE3D200961FCD /* GTLRuntimeCommon.m in Sources */,
				A9E853AF1C94993400F1A095 /* GTLDashboardAPIRouteStatsParameter.m in Sources */,
			);
			runOnlyForDeploymentPostprocessing = 0;
		};
/* End PBXSourcesBuildPhase section */

/* Begin PBXVariantGroup section */
		A9E1889F1C8B9D3A000D9668 /* Main.storyboard */ = {
			isa = PBXVariantGroup;
			children = (
				A9E188A01C8B9D3A000D9668 /* Base */,
			);
			name = Main.storyboard;
			sourceTree = "<group>";
		};
		A9E188A41C8B9D3A000D9668 /* LaunchScreen.storyboard */ = {
			isa = PBXVariantGroup;
			children = (
				A9E188A51C8B9D3A000D9668 /* Base */,
			);
			name = LaunchScreen.storyboard;
			sourceTree = "<group>";
		};
/* End PBXVariantGroup section */

/* Begin XCBuildConfiguration section */
		A9E188A81C8B9D3A000D9668 /* Debug */ = {
			isa = XCBuildConfiguration;
			buildSettings = {
				ALWAYS_SEARCH_USER_PATHS = NO;
				CLANG_CXX_LANGUAGE_STANDARD = "gnu++0x";
				CLANG_CXX_LIBRARY = "libc++";
				CLANG_ENABLE_MODULES = YES;
				CLANG_ENABLE_OBJC_ARC = YES;
				CLANG_WARN_BOOL_CONVERSION = YES;
				CLANG_WARN_CONSTANT_CONVERSION = YES;
				CLANG_WARN_DIRECT_OBJC_ISA_USAGE = YES_ERROR;
				CLANG_WARN_EMPTY_BODY = YES;
				CLANG_WARN_ENUM_CONVERSION = YES;
				CLANG_WARN_INT_CONVERSION = YES;
				CLANG_WARN_OBJC_ROOT_CLASS = YES_ERROR;
				CLANG_WARN_UNREACHABLE_CODE = YES;
				CLANG_WARN__DUPLICATE_METHOD_MATCH = YES;
				"CODE_SIGN_IDENTITY[sdk=iphoneos*]" = "iPhone Developer";
				COPY_PHASE_STRIP = NO;
				DEBUG_INFORMATION_FORMAT = dwarf;
				ENABLE_STRICT_OBJC_MSGSEND = YES;
				ENABLE_TESTABILITY = YES;
				GCC_C_LANGUAGE_STANDARD = gnu99;
				GCC_DYNAMIC_NO_PIC = NO;
				GCC_NO_COMMON_BLOCKS = YES;
				GCC_OPTIMIZATION_LEVEL = 0;
				GCC_PREPROCESSOR_DEFINITIONS = (
					"DEBUG=1",
					"$(inherited)",
				);
				GCC_WARN_64_TO_32_BIT_CONVERSION = YES;
				GCC_WARN_ABOUT_RETURN_TYPE = YES_ERROR;
				GCC_WARN_UNDECLARED_SELECTOR = YES;
				GCC_WARN_UNINITIALIZED_AUTOS = YES_AGGRESSIVE;
				GCC_WARN_UNUSED_FUNCTION = YES;
				GCC_WARN_UNUSED_VARIABLE = YES;
				IPHONEOS_DEPLOYMENT_TARGET = 9.2;
				MTL_ENABLE_DEBUG_INFO = YES;
				ONLY_ACTIVE_ARCH = YES;
				SDKROOT = iphoneos;
			};
			name = Debug;
		};
		A9E188A91C8B9D3A000D9668 /* Release */ = {
			isa = XCBuildConfiguration;
			buildSettings = {
				ALWAYS_SEARCH_USER_PATHS = NO;
				CLANG_CXX_LANGUAGE_STANDARD = "gnu++0x";
				CLANG_CXX_LIBRARY = "libc++";
				CLANG_ENABLE_MODULES = YES;
				CLANG_ENABLE_OBJC_ARC = YES;
				CLANG_WARN_BOOL_CONVERSION = YES;
				CLANG_WARN_CONSTANT_CONVERSION = YES;
				CLANG_WARN_DIRECT_OBJC_ISA_USAGE = YES_ERROR;
				CLANG_WARN_EMPTY_BODY = YES;
				CLANG_WARN_ENUM_CONVERSION = YES;
				CLANG_WARN_INT_CONVERSION = YES;
				CLANG_WARN_OBJC_ROOT_CLASS = YES_ERROR;
				CLANG_WARN_UNREACHABLE_CODE = YES;
				CLANG_WARN__DUPLICATE_METHOD_MATCH = YES;
				"CODE_SIGN_IDENTITY[sdk=iphoneos*]" = "iPhone Developer";
				COPY_PHASE_STRIP = NO;
				DEBUG_INFORMATION_FORMAT = "dwarf-with-dsym";
				ENABLE_NS_ASSERTIONS = NO;
				ENABLE_STRICT_OBJC_MSGSEND = YES;
				GCC_C_LANGUAGE_STANDARD = gnu99;
				GCC_NO_COMMON_BLOCKS = YES;
				GCC_WARN_64_TO_32_BIT_CONVERSION = YES;
				GCC_WARN_ABOUT_RETURN_TYPE = YES_ERROR;
				GCC_WARN_UNDECLARED_SELECTOR = YES;
				GCC_WARN_UNINITIALIZED_AUTOS = YES_AGGRESSIVE;
				GCC_WARN_UNUSED_FUNCTION = YES;
				GCC_WARN_UNUSED_VARIABLE = YES;
				IPHONEOS_DEPLOYMENT_TARGET = 9.2;
				MTL_ENABLE_DEBUG_INFO = NO;
				SDKROOT = iphoneos;
				VALIDATE_PRODUCT = YES;
			};
			name = Release;
		};
		A9E188AB1C8B9D3A000D9668 /* Debug */ = {
			isa = XCBuildConfiguration;
			buildSettings = {
				ASSETCATALOG_COMPILER_APPICON_NAME = AppIcon;
				INFOPLIST_FILE = HackeoUrbano/Info.plist;
				LD_RUNPATH_SEARCH_PATHS = "$(inherited) @executable_path/Frameworks";
				PRODUCT_BUNDLE_IDENTIFIER = mx.krieger.HackeoUrbano;
				PRODUCT_NAME = "$(TARGET_NAME)";
			};
			name = Debug;
		};
		A9E188AC1C8B9D3A000D9668 /* Release */ = {
			isa = XCBuildConfiguration;
			buildSettings = {
				ASSETCATALOG_COMPILER_APPICON_NAME = AppIcon;
				INFOPLIST_FILE = HackeoUrbano/Info.plist;
				LD_RUNPATH_SEARCH_PATHS = "$(inherited) @executable_path/Frameworks";
				PRODUCT_BUNDLE_IDENTIFIER = mx.krieger.HackeoUrbano;
				PRODUCT_NAME = "$(TARGET_NAME)";
			};
			name = Release;
		};
/* End XCBuildConfiguration section */

/* Begin XCConfigurationList section */
		A9E1888E1C8B9D39000D9668 /* Build configuration list for PBXProject "HackeoUrbano" */ = {
			isa = XCConfigurationList;
			buildConfigurations = (
				A9E188A81C8B9D3A000D9668 /* Debug */,
				A9E188A91C8B9D3A000D9668 /* Release */,
			);
			defaultConfigurationIsVisible = 0;
			defaultConfigurationName = Release;
		};
		A9E188AA1C8B9D3A000D9668 /* Build configuration list for PBXNativeTarget "HackeoUrbano" */ = {
			isa = XCConfigurationList;
			buildConfigurations = (
				A9E188AB1C8B9D3A000D9668 /* Debug */,
				A9E188AC1C8B9D3A000D9668 /* Release */,
			);
			defaultConfigurationIsVisible = 0;
			defaultConfigurationName = Release;
		};
/* End XCConfigurationList section */
	};
	rootObject = A9E1888B1C8B9D39000D9668 /* Project object */;
}
